
Microsoft Visual Studio Solution File, Format Version 12.00
# Visual Studio Version 17
VisualStudioVersion = 17.4.33213.308
MinimumVisualStudioVersion = 10.0.40219.1
Project("{9A19103F-16F7-4668-BE54-9A1E7A4F7556}") = "OutputCacheDemoENG", "OutputCacheDemoENG\OutputCacheDemoENG.csproj", "{840FABDA-1485-42D4-8D76-C88BB35BAC65}"
EndProject
Global
	GlobalSection(SolutionConfigurationPlatforms) = preSolution
		Debug|Any CPU = Debug|Any CPU
		Release|Any CPU = Release|Any CPU
	EndGlobalSection
	GlobalSection(ProjectConfigurationPlatforms) = postSolution
		{840FABDA-1485-42D4-8D76-C88BB35BAC65}.Debug|Any CPU.ActiveCfg = Debug|Any CPU
		{840FABDA-1485-42D4-8D76-C88BB35BAC65}.Debug|Any CPU.Build.0 = Debug|Any CPU
		{840FABDA-1485-42D4-8D76-C88BB35BAC65}.Release|Any CPU.ActiveCfg = Release|Any CPU
		{840FABDA-1485-42D4-8D76-C88BB35BAC65}.Release|Any CPU.Build.0 = Release|Any CPU
	EndGlobalSection
	GlobalSection(SolutionProperties) = preSolution
		HideSolutionNode = FALSE
	EndGlobalSection
	GlobalSection(ExtensibilityGlobals) = postSolution
		SolutionGuid = {47E8113B-C2E0-483F-86F8-0FB219F3C99B}
	EndGlobalSection
EndGlobal
